
Microsoft Visual Studio Solution File, Format Version 12.00
# Visual Studio Version 17
VisualStudioVersion = 17.13.35931.197 d17.13
MinimumVisualStudioVersion = 10.0.40219.1
Project("{FAE04EC0-301F-11D3-BF4B-00C04F79EFBC}") = "ML.NET", "ML.NET.csproj", "{BF52B500-0DC8-4802-8814-436C2DE131A9}"
EndProject
Project("{FAE04EC0-301F-11D3-BF4B-00C04F79EFBC}") = "BLModels", "..\BLModels\BLModels.csproj", "{649645C1-6212-4B67-9AF1-B4625ACB475D}"
EndProject
Project("{FAE04EC0-301F-11D3-BF4B-00C04F79EFBC}") = "ModelMaker", "..\ModelMaker\ModelMaker.csproj", "{37BFF7DE-21C1-4CAD-ACA1-96E95C16C324}"
EndProject
Global
	GlobalSection(SolutionConfigurationPlatforms) = preSolution
		Debug|Any CPU = Debug|Any CPU
		Release|Any CPU = Release|Any CPU
	EndGlobalSection
	GlobalSection(ProjectConfigurationPlatforms) = postSolution
		{BF52B500-0DC8-4802-8814-436C2DE131A9}.Debug|Any CPU.ActiveCfg = Debug|Any CPU
		{BF52B500-0DC8-4802-8814-436C2DE131A9}.Debug|Any CPU.Build.0 = Debug|Any CPU
		{BF52B500-0DC8-4802-8814-436C2DE131A9}.Release|Any CPU.ActiveCfg = Release|Any CPU
		{BF52B500-0DC8-4802-8814-436C2DE131A9}.Release|Any CPU.Build.0 = Release|Any CPU
		{649645C1-6212-4B67-9AF1-B4625ACB475D}.Debug|Any CPU.ActiveCfg = Debug|Any CPU
		{649645C1-6212-4B67-9AF1-B4625ACB475D}.Debug|Any CPU.Build.0 = Debug|Any CPU
		{649645C1-6212-4B67-9AF1-B4625ACB475D}.Release|Any CPU.ActiveCfg = Release|Any CPU
		{649645C1-6212-4B67-9AF1-B4625ACB475D}.Release|Any CPU.Build.0 = Release|Any CPU
		{37BFF7DE-21C1-4CAD-ACA1-96E95C16C324}.Debug|Any CPU.ActiveCfg = Debug|Any CPU
		{37BFF7DE-21C1-4CAD-ACA1-96E95C16C324}.Debug|Any CPU.Build.0 = Debug|Any CPU
		{37BFF7DE-21C1-4CAD-ACA1-96E95C16C324}.Release|Any CPU.ActiveCfg = Release|Any CPU
		{37BFF7DE-21C1-4CAD-ACA1-96E95C16C324}.Release|Any CPU.Build.0 = Release|Any CPU
	EndGlobalSection
	GlobalSection(SolutionProperties) = preSolution
		HideSolutionNode = FALSE
	EndGlobalSection
	GlobalSection(ExtensibilityGlobals) = postSolution
		SolutionGuid = {ADE7441E-6D04-428D-A0ED-29F2ED93F2F9}
	EndGlobalSection
EndGlobal
